
Microsoft Visual Studio Solution File, Format Version 12.00
# Visual Studio Version 17
VisualStudioVersion = 17.2.32505.173
MinimumVisualStudioVersion = 10.0.40219.1
Project("{9A19103F-16F7-4668-BE54-9A1E7A4F7556}") = "Modelo", "Modelo\Modelo.csproj", "{89DC7A82-C4C3-4194-B0A5-4E02C75064E3}"
EndProject
Project("{9A19103F-16F7-4668-BE54-9A1E7A4F7556}") = "Vista", "Vista\Vista.csproj", "{D22449D1-7FAB-4D88-A545-84174E70E160}"
EndProject
Project("{FAE04EC0-301F-11D3-BF4B-00C04F79EFBC}") = "Controlador", "Controlador\Controlador.csproj", "{23B47A29-B934-45D1-8BDB-D6EE2CC6AF8E}"
EndProject
Global
	GlobalSection(SolutionConfigurationPlatforms) = preSolution
		Debug|Any CPU = Debug|Any CPU
		Release|Any CPU = Release|Any CPU
	EndGlobalSection
	GlobalSection(ProjectConfigurationPlatforms) = postSolution
		{89DC7A82-C4C3-4194-B0A5-4E02C75064E3}.Debug|Any CPU.ActiveCfg = Debug|Any CPU
		{89DC7A82-C4C3-4194-B0A5-4E02C75064E3}.Debug|Any CPU.Build.0 = Debug|Any CPU
		{89DC7A82-C4C3-4194-B0A5-4E02C75064E3}.Release|Any CPU.ActiveCfg = Release|Any CPU
		{89DC7A82-C4C3-4194-B0A5-4E02C75064E3}.Release|Any CPU.Build.0 = Release|Any CPU
		{D22449D1-7FAB-4D88-A545-84174E70E160}.Debug|Any CPU.ActiveCfg = Debug|Any CPU
		{D22449D1-7FAB-4D88-A545-84174E70E160}.Debug|Any CPU.Build.0 = Debug|Any CPU
		{D22449D1-7FAB-4D88-A545-84174E70E160}.Release|Any CPU.ActiveCfg = Release|Any CPU
		{D22449D1-7FAB-4D88-A545-84174E70E160}.Release|Any CPU.Build.0 = Release|Any CPU
		{23B47A29-B934-45D1-8BDB-D6EE2CC6AF8E}.Debug|Any CPU.ActiveCfg = Debug|Any CPU
		{23B47A29-B934-45D1-8BDB-D6EE2CC6AF8E}.Debug|Any CPU.Build.0 = Debug|Any CPU
		{23B47A29-B934-45D1-8BDB-D6EE2CC6AF8E}.Release|Any CPU.ActiveCfg = Release|Any CPU
		{23B47A29-B934-45D1-8BDB-D6EE2CC6AF8E}.Release|Any CPU.Build.0 = Release|Any CPU
	EndGlobalSection
	GlobalSection(SolutionProperties) = preSolution
		HideSolutionNode = FALSE
	EndGlobalSection
	GlobalSection(ExtensibilityGlobals) = postSolution
		SolutionGuid = {26471ADE-DA3F-49A6-A8F9-73534BFFC611}
	EndGlobalSection
EndGlobal
