
Microsoft Visual Studio Solution File, Format Version 12.00
# Visual Studio Version 17
VisualStudioVersion = 17.2.32516.85
MinimumVisualStudioVersion = 10.0.40219.1
Project("{FAE04EC0-301F-11D3-BF4B-00C04F79EFBC}") = "Vista", "Vista\Vista.csproj", "{00A655F7-E929-446C-9713-684CA40031C2}"
EndProject
Project("{FAE04EC0-301F-11D3-BF4B-00C04F79EFBC}") = "Modelo", "Modelo\Modelo.csproj", "{29625714-D690-4A48-92C4-5C46459DBC36}"
EndProject
Global
	GlobalSection(SolutionConfigurationPlatforms) = preSolution
		Debug|Any CPU = Debug|Any CPU
		Release|Any CPU = Release|Any CPU
	EndGlobalSection
	GlobalSection(ProjectConfigurationPlatforms) = postSolution
		{00A655F7-E929-446C-9713-684CA40031C2}.Debug|Any CPU.ActiveCfg = Debug|Any CPU
		{00A655F7-E929-446C-9713-684CA40031C2}.Debug|Any CPU.Build.0 = Debug|Any CPU
		{00A655F7-E929-446C-9713-684CA40031C2}.Release|Any CPU.ActiveCfg = Release|Any CPU
		{00A655F7-E929-446C-9713-684CA40031C2}.Release|Any CPU.Build.0 = Release|Any CPU
		{29625714-D690-4A48-92C4-5C46459DBC36}.Debug|Any CPU.ActiveCfg = Debug|Any CPU
		{29625714-D690-4A48-92C4-5C46459DBC36}.Debug|Any CPU.Build.0 = Debug|Any CPU
		{29625714-D690-4A48-92C4-5C46459DBC36}.Release|Any CPU.ActiveCfg = Release|Any CPU
		{29625714-D690-4A48-92C4-5C46459DBC36}.Release|Any CPU.Build.0 = Release|Any CPU
	EndGlobalSection
	GlobalSection(SolutionProperties) = preSolution
		HideSolutionNode = FALSE
	EndGlobalSection
	GlobalSection(ExtensibilityGlobals) = postSolution
		SolutionGuid = {7A514C2D-651E-4F0B-9C0F-33CF3802282E}
	EndGlobalSection
EndGlobal
